
Microsoft Visual Studio Solution File, Format Version 12.00
# Visual Studio 15
VisualStudioVersion = 15.0.26730.3
MinimumVisualStudioVersion = 10.0.40219.1
Project("{888888A0-9F3D-457C-B088-3A5042F75D52}") = "HoloPlan", "HoloPlan\HoloPlan.pyproj", "{86E2B5D7-0557-4533-9E2E-24BE0A4F2588}"
EndProject
Global
	GlobalSection(SolutionConfigurationPlatforms) = preSolution
		Debug|Any CPU = Debug|Any CPU
		Release|Any CPU = Release|Any CPU
	EndGlobalSection
	GlobalSection(ProjectConfigurationPlatforms) = postSolution
		{86E2B5D7-0557-4533-9E2E-24BE0A4F2588}.Debug|Any CPU.ActiveCfg = Debug|Any CPU
		{86E2B5D7-0557-4533-9E2E-24BE0A4F2588}.Debug|Any CPU.Build.0 = Debug|Any CPU
		{86E2B5D7-0557-4533-9E2E-24BE0A4F2588}.Release|Any CPU.ActiveCfg = Release|Any CPU
		{86E2B5D7-0557-4533-9E2E-24BE0A4F2588}.Release|Any CPU.Build.0 = Release|Any CPU
	EndGlobalSection
	GlobalSection(SolutionProperties) = preSolution
		HideSolutionNode = FALSE
	EndGlobalSection
	GlobalSection(ExtensibilityGlobals) = postSolution
		SolutionGuid = {67110B85-F9D5-4B17-92F7-881DBA3879B1}
	EndGlobalSection
EndGlobal
